
Microsoft Visual Studio Solution File, Format Version 12.00
# Visual Studio Version 17
VisualStudioVersion = 17.11.35327.3
MinimumVisualStudioVersion = 10.0.40219.1
Project("{9A19103F-16F7-4668-BE54-9A1E7A4F7556}") = "SignalrServer", "SignalrServer\SignalrServer.csproj", "{159115E7-3A27-430D-820A-1A4211B7D529}"
EndProject
Project("{9A19103F-16F7-4668-BE54-9A1E7A4F7556}") = "SignalrClient", "SignalrClient\SignalrClient.csproj", "{66EC335F-CE87-4409-B6A2-761CA2E79AB7}"
EndProject
Project("{FAE04EC0-301F-11D3-BF4B-00C04F79EFBC}") = "CmdClientTest", "CmdClientTest\CmdClientTest.csproj", "{5C6C6E2C-8EEC-4B34-AFBA-693B9E9785CE}"
EndProject
Global
	GlobalSection(SolutionConfigurationPlatforms) = preSolution
		Debug|Any CPU = Debug|Any CPU
		Release|Any CPU = Release|Any CPU
	EndGlobalSection
	GlobalSection(ProjectConfigurationPlatforms) = postSolution
		{159115E7-3A27-430D-820A-1A4211B7D529}.Debug|Any CPU.ActiveCfg = Debug|Any CPU
		{159115E7-3A27-430D-820A-1A4211B7D529}.Debug|Any CPU.Build.0 = Debug|Any CPU
		{159115E7-3A27-430D-820A-1A4211B7D529}.Release|Any CPU.ActiveCfg = Release|Any CPU
		{159115E7-3A27-430D-820A-1A4211B7D529}.Release|Any CPU.Build.0 = Release|Any CPU
		{66EC335F-CE87-4409-B6A2-761CA2E79AB7}.Debug|Any CPU.ActiveCfg = Debug|Any CPU
		{66EC335F-CE87-4409-B6A2-761CA2E79AB7}.Debug|Any CPU.Build.0 = Debug|Any CPU
		{66EC335F-CE87-4409-B6A2-761CA2E79AB7}.Release|Any CPU.ActiveCfg = Release|Any CPU
		{66EC335F-CE87-4409-B6A2-761CA2E79AB7}.Release|Any CPU.Build.0 = Release|Any CPU
		{5C6C6E2C-8EEC-4B34-AFBA-693B9E9785CE}.Debug|Any CPU.ActiveCfg = Debug|Any CPU
		{5C6C6E2C-8EEC-4B34-AFBA-693B9E9785CE}.Debug|Any CPU.Build.0 = Debug|Any CPU
		{5C6C6E2C-8EEC-4B34-AFBA-693B9E9785CE}.Release|Any CPU.ActiveCfg = Release|Any CPU
		{5C6C6E2C-8EEC-4B34-AFBA-693B9E9785CE}.Release|Any CPU.Build.0 = Release|Any CPU
	EndGlobalSection
	GlobalSection(SolutionProperties) = preSolution
		HideSolutionNode = FALSE
	EndGlobalSection
	GlobalSection(ExtensibilityGlobals) = postSolution
		SolutionGuid = {5C68BA03-0361-4075-B0E5-0A139B23DF1B}
	EndGlobalSection
EndGlobal
